Microsoft Visual Studio Solution File, Format Version 12.00
# Visual Studio Version 17
VisualStudioVersion = 17.2.32519.379
MinimumVisualStudioVersion = 10.0.40219.1
Project("{9A19103F-16F7-4668-BE54-9A1E7A4F7556}") = "SitRep", "SitRep.csproj", "{648E8647-E3BE-4F96-A829-A4648D9E9FC8}"
EndProject
Project("{FAE04EC0-301F-11D3-BF4B-00C04F79EFBC}") = "SiteRep.Infrastructure.Tests", "..\SiteRep.Infrastructure.Tests\SiteRep.Infrastructure.Tests.csproj", "{A9F80A17-36C4-4AA8-99A3-D2B1ED8F7279}"
EndProject
Global
	GlobalSection(SolutionConfigurationPlatforms) = preSolution
		Debug|Any CPU = Debug|Any CPU
		Release|Any CPU = Release|Any CPU
	EndGlobalSection
	GlobalSection(ProjectConfigurationPlatforms) = postSolution
		{648E8647-E3BE-4F96-A829-A4648D9E9FC8}.Debug|Any CPU.ActiveCfg = Debug|Any CPU
		{648E8647-E3BE-4F96-A829-A4648D9E9FC8}.Debug|Any CPU.Build.0 = Debug|Any CPU
		{648E8647-E3BE-4F96-A829-A4648D9E9FC8}.Release|Any CPU.ActiveCfg = Release|Any CPU
		{648E8647-E3BE-4F96-A829-A4648D9E9FC8}.Release|Any CPU.Build.0 = Release|Any CPU
		{A9F80A17-36C4-4AA8-99A3-D2B1ED8F7279}.Debug|Any CPU.ActiveCfg = Debug|Any CPU
		{A9F80A17-36C4-4AA8-99A3-D2B1ED8F7279}.Debug|Any CPU.Build.0 = Debug|Any CPU
		{A9F80A17-36C4-4AA8-99A3-D2B1ED8F7279}.Release|Any CPU.ActiveCfg = Release|Any CPU
		{A9F80A17-36C4-4AA8-99A3-D2B1ED8F7279}.Release|Any CPU.Build.0 = Release|Any CPU
	EndGlobalSection
	GlobalSection(SolutionProperties) = preSolution
		HideSolutionNode = FALSE
	EndGlobalSection
	GlobalSection(ExtensibilityGlobals) = postSolution
		SolutionGuid = {FD07F6CC-8928-4614-8B55-C3DC515FDD68}
	EndGlobalSection
EndGlobal
