
Microsoft Visual Studio Solution File, Format Version 12.00
Project("{FAE04EC0-301F-11D3-BF4B-00C04F79EFBC}") = "SitRep", "SitRep.csproj", "{648E8647-E3BE-4F96-A829-A4648D9E9FC8}"
EndProject
Project("{FAE04EC0-301F-11D3-BF4B-00C04F79EFBC}") = "SitRep.Core", "SitRep.Core\SitRep.Core.csproj", "{08EBC9E8-3902-4C9E-8A33-B0B5395F798D}"
EndProject
Global
	GlobalSection(SolutionConfigurationPlatforms) = preSolution
		Debug|Any CPU = Debug|Any CPU
		Release|Any CPU = Release|Any CPU
	EndGlobalSection
	GlobalSection(ProjectConfigurationPlatforms) = postSolution
		{648E8647-E3BE-4F96-A829-A4648D9E9FC8}.Debug|Any CPU.ActiveCfg = Debug|Any CPU
		{648E8647-E3BE-4F96-A829-A4648D9E9FC8}.Debug|Any CPU.Build.0 = Debug|Any CPU
		{648E8647-E3BE-4F96-A829-A4648D9E9FC8}.Release|Any CPU.ActiveCfg = Release|Any CPU
		{648E8647-E3BE-4F96-A829-A4648D9E9FC8}.Release|Any CPU.Build.0 = Release|Any CPU
		{08EBC9E8-3902-4C9E-8A33-B0B5395F798D}.Debug|Any CPU.ActiveCfg = Debug|Any CPU
		{08EBC9E8-3902-4C9E-8A33-B0B5395F798D}.Debug|Any CPU.Build.0 = Debug|Any CPU
		{08EBC9E8-3902-4C9E-8A33-B0B5395F798D}.Release|Any CPU.ActiveCfg = Release|Any CPU
		{08EBC9E8-3902-4C9E-8A33-B0B5395F798D}.Release|Any CPU.Build.0 = Release|Any CPU
	EndGlobalSection
EndGlobal
